
Microsoft Visual Studio Solution File, Format Version 12.00
# Visual Studio Version 17
VisualStudioVersion = 17.10.35013.160
MinimumVisualStudioVersion = 10.0.40219.1
Project("{FAE04EC0-301F-11D3-BF4B-00C04F79EFBC}") = "Xadrez", "Xadrez.csproj", "{CE00FE5B-C79F-4B8A-AD39-C3E12E7D30E1}"
EndProject
Global
	GlobalSection(SolutionConfigurationPlatforms) = preSolution
		Debug|Any CPU = Debug|Any CPU
		Release|Any CPU = Release|Any CPU
	EndGlobalSection
	GlobalSection(ProjectConfigurationPlatforms) = postSolution
		{CE00FE5B-C79F-4B8A-AD39-C3E12E7D30E1}.Debug|Any CPU.ActiveCfg = Debug|Any CPU
		{CE00FE5B-C79F-4B8A-AD39-C3E12E7D30E1}.Debug|Any CPU.Build.0 = Debug|Any CPU
		{CE00FE5B-C79F-4B8A-AD39-C3E12E7D30E1}.Release|Any CPU.ActiveCfg = Release|Any CPU
		{CE00FE5B-C79F-4B8A-AD39-C3E12E7D30E1}.Release|Any CPU.Build.0 = Release|Any CPU
	EndGlobalSection
	GlobalSection(SolutionProperties) = preSolution
		HideSolutionNode = FALSE
	EndGlobalSection
	GlobalSection(ExtensibilityGlobals) = postSolution
		SolutionGuid = {D9B0721C-2A91-42EA-AB86-E35070A70AFD}
	EndGlobalSection
EndGlobal
